
Microsoft Visual Studio Solution File, Format Version 12.00
# Visual Studio Version 16
VisualStudioVersion = 16.0.29920.165
MinimumVisualStudioVersion = 10.0.40219.1
Project("{FAE04EC0-301F-11D3-BF4B-00C04F79EFBC}") = "App.Terminal", "App.Terminal\App.Terminal.csproj", "{143122DD-541D-4588-9A4E-D53DD71C00E9}"
EndProject
Global
	GlobalSection(SolutionConfigurationPlatforms) = preSolution
		Debug|Any CPU = Debug|Any CPU
		Release|Any CPU = Release|Any CPU
	EndGlobalSection
	GlobalSection(ProjectConfigurationPlatforms) = postSolution
		{143122DD-541D-4588-9A4E-D53DD71C00E9}.Debug|Any CPU.ActiveCfg = Debug|Any CPU
		{143122DD-541D-4588-9A4E-D53DD71C00E9}.Debug|Any CPU.Build.0 = Debug|Any CPU
		{143122DD-541D-4588-9A4E-D53DD71C00E9}.Release|Any CPU.ActiveCfg = Release|Any CPU
		{143122DD-541D-4588-9A4E-D53DD71C00E9}.Release|Any CPU.Build.0 = Release|Any CPU
	EndGlobalSection
	GlobalSection(SolutionProperties) = preSolution
		HideSolutionNode = FALSE
	EndGlobalSection
	GlobalSection(ExtensibilityGlobals) = postSolution
		SolutionGuid = {1A07B666-ABB6-4172-9BA3-D7B5D058301F}
	EndGlobalSection
EndGlobal
